<?xml version="1.0" encoding="utf-8"?>
<Project ToolsVersion="4.0" xmlns="http://schemas.microsoft.com/developer/msbuild/2003">
  <ItemGroup>
    <Filter Include="Source Files">
      <UniqueIdentifier>{75c31622-6b3e-4fdb-8f46-4b4a36a600e2}</UniqueIdentifier>
      <Extensions>cpp;c;cxx;rc;def;r;odl;idl;hpj;bat</Extensions>
    </Filter>
    <Filter Include="Header Files">
      <UniqueIdentifier>{40150338-ad75-48e0-8c5d-55cd3d80bbe6}</UniqueIdentifier>
      <Extensions>h;hpp;hxx;hm;inl</Extensions>
    </Filter>
    <Filter Include="Resource Files">
      <UniqueIdentifier>{aec758a1-9e6c-440c-a0b9-f69722b25f13}</UniqueIdentifier>
      <Extensions>ico;cur;bmp;dlg;rc2;rct;bin;rgs;gif;jpg;jpeg;jpe</Extensions>
    </Filter>
  </ItemGroup>
  <ItemGroup>
    <ClCompile Include="Arelle.cpp">
      <Filter>Source Files</Filter>
    </ClCompile>
    <ClCompile Include="NavPage.cpp">
      <Filter>Source Files</Filter>
    </ClCompile>
    <ClCompile Include="StdAfx.cpp">
      <Filter>Source Files</Filter>
    </ClCompile>
    <ClCompile Include="arelle_operation.cpp">
      <Filter>Source Files</Filter>
    </ClCompile>
    <ClCompile Include="arellepanelview.cpp">
      <Filter>Source Files</Filter>
    </ClCompile>
    <ClCompile Include="arelletoolhander.cpp">
      <Filter>Source Files</Filter>
    </ClCompile>
    <ClCompile Include="..\..\include\pimain\PIMain.cpp">
      <Filter>Source Files</Filter>
    </ClCompile>
    <ClCompile Include="bookmark_operation.cpp">
      <Filter>Source Files</Filter>
    </ClCompile>
    <ClCompile Include="bookmarkpanelview.cpp">
      <Filter>Source Files</Filter>
    </ClCompile>
    <ClCompile Include="bookmarktoolhander.cpp">
      <Filter>Source Files</Filter>
    </ClCompile>
  </ItemGroup>
  <ItemGroup>
    <ResourceCompile Include="Arelle.rc">
      <Filter>Source Files</Filter>
    </ResourceCompile>
  </ItemGroup>
  <ItemGroup>
    <ClInclude Include="Arelle.h">
      <Filter>Header Files</Filter>
    </ClInclude>
    <ClInclude Include="NavPage.h">
      <Filter>Header Files</Filter>
    </ClInclude>
    <ClInclude Include="Resource.h">
      <Filter>Header Files</Filter>
    </ClInclude>
    <ClInclude Include="StdAfx.h">
      <Filter>Header Files</Filter>
    </ClInclude>
    <ClInclude Include="arelle_operation.h">
      <Filter>Header Files</Filter>
    </ClInclude>
    <ClInclude Include="arellepanelview.h">
      <Filter>Header Files</Filter>
    </ClInclude>
    <ClInclude Include="arelletoolhander.h">
      <Filter>Header Files</Filter>
    </ClInclude>
    <ClInclude Include="..\..\include\pimain\PIMain.h">
      <Filter>Header Files</Filter>
    </ClInclude>
    <ClInclude Include="bookmark_operation.h">
      <Filter>Header Files</Filter>
    </ClInclude>
    <ClInclude Include="bookmarkpanelview.h">
      <Filter>Header Files</Filter>
    </ClInclude>
    <ClInclude Include="bookmarktoolhander.h">
      <Filter>Header Files</Filter>
    </ClInclude>
  </ItemGroup>
  <ItemGroup>
    <CustomBuild Include="Arelle.def">
      <Filter>Source Files</Filter>
    </CustomBuild>
    <CustomBuild Include="res\Arelle.rc2">
      <Filter>Resource Files</Filter>
    </CustomBuild>
    <CustomBuild Include="res\Arelle.pdf" />
    <CustomBuild Include="ReadMe.txt" />
  </ItemGroup>
  <ItemGroup>
    <Xml Include="InstallArelle.xml" />
  </ItemGroup>
  <ItemGroup>
    <Text Include="res\cert.txt" />
  </ItemGroup>
</Project>